{
  "name": "potprox-install-test",
  "version": "1.0.0",
  "lockfileVersion": 3,
  "requires": true,
  "packages": {
    "": {
      "name": "potprox-install-test",
      "version": "1.0.0",
      "license": "MIT",
      "dependencies": {
        "potprox": "file:../../potprox-0.8.0.tgz"
      }
    },
    "node_modules/potprox": {
      "version": "0.8.0",
      "resolved": "file:../../potprox-0.8.0.tgz",
      "integrity": "sha512-/OJE8XcSwEGmqdlkIANFt/FuYCIRc+4NuDAX1J4uI0NtkcHGvlviuYx0o3SH3b26eYDjuJ3tBQ5DPBSL/hLbfw==",
      "license": "MIT"
    }
  }
}
